version = 1
revision = 2
requires-python = ">=3.13"

[[package]]
name = "youtube-library"
version = "0.1.0"
source = { virtual = "." }
dependencies = [
    { name = "yt-dlp" },
]

[package.metadata]
requires-dist = [{ name = "yt-dlp", specifier = ">=2025.8.11" }]

[[package]]
name = "yt-dlp"
version = "2025.10.22"
source = { registry = "https://pypi.org/simple" }
sdist = { url = "https://files.pythonhosted.org/packages/08/70/cf4bd6c837ab0a709040888caa70d166aa2dfbb5018d1d5c983bf0b50254/yt_dlp-2025.10.22.tar.gz", hash = "sha256:db2d48133222b1d9508c6de757859c24b5cefb9568cf68ccad85dac20b07f77b", size = 3046863, upload-time = "2025-10-22T19:53:19.301Z" }
wheels = [
    { url = "https://files.pythonhosted.org/packages/cc/2a/fd184bf97d570841aa86b4aeb84aee93e7957a34059dafd4982157c10bff/yt_dlp-2025.10.22-py3-none-any.whl", hash = "sha256:9c803a9598859f91d0d5bd3337f1506ecb40bbe97f6efbe93bc4461fed344fb2", size = 3248983, upload-time = "2025-10-22T19:53:16.483Z" },
]
