version = 1
revision = 2
requires-python = ">=3.13"

[[package]]
name = "youtube-library"
version = "0.1.0"
source = { virtual = "." }
dependencies = [
    { name = "yt-dlp" },
]

[package.metadata]
requires-dist = [{ name = "yt-dlp", specifier = ">=2025.5.22" }]

[[package]]
name = "yt-dlp"
version = "2025.5.22"
source = { registry = "https://pypi.org/simple" }
sdist = { url = "https://files.pythonhosted.org/packages/09/93/695cef32796dc7e76597e68a267a34a1b4e29bef8e12da445fa7c0ad1e55/yt_dlp-2025.5.22.tar.gz", hash = "sha256:ea73854c5dabc124f29a35a8fae9bc5d422ef3231bebeea2bdfa82ac191a9c29", size = 3017654, upload-time = "2025-05-22T09:58:35.694Z" }
wheels = [
    { url = "https://files.pythonhosted.org/packages/25/68/4f108193ebce3ee7beb5f9a21daa6bc875e261150b510be468626f151959/yt_dlp-2025.5.22-py3-none-any.whl", hash = "sha256:a49c4b76afeaded6254c3e2b759d8d5a13271aa963d5fccb51fe059d1c313151", size = 3264137, upload-time = "2025-05-22T09:58:32.613Z" },
]
