version = 1
revision = 2
requires-python = ">=3.13"

[[package]]
name = "youtube-library"
version = "0.1.0"
source = { virtual = "." }
dependencies = [
    { name = "yt-dlp" },
]

[package.metadata]
requires-dist = [{ name = "yt-dlp", specifier = ">=2025.8.11" }]

[[package]]
name = "yt-dlp"
version = "2025.9.5"
source = { registry = "https://pypi.org/simple" }
sdist = { url = "https://files.pythonhosted.org/packages/50/b2/fb255d991857a6a8b2539487ed6063e7bf318f19310d81f039dedb3c2ad6/yt_dlp-2025.9.5.tar.gz", hash = "sha256:9ce080f80b2258e872fe8a75f4707ea2c644e697477186e20b9a04d9a9ea37cf", size = 3045982, upload-time = "2025-09-05T23:07:53.962Z" }
wheels = [
    { url = "https://files.pythonhosted.org/packages/06/64/b3cc116e4f209c493f23d6af033c60ba32df74e086190fbed2bdc0073d12/yt_dlp-2025.9.5-py3-none-any.whl", hash = "sha256:68a03b5c50e3d0f6af7244bd4bf491c1b12e4e2112b051cde05cdfd2647eb9a8", size = 3272317, upload-time = "2025-09-05T23:07:51.396Z" },
]
